
Microsoft Visual Studio Solution File, Format Version 12.00
# Visual Studio Version 16
VisualStudioVersion = 16.0.29326.143
MinimumVisualStudioVersion = 10.0.40219.1
Project("{9A19103F-16F7-4668-BE54-9A1E7A4F7556}") = "PropertyPrices", "PropertyPrices\PropertyPrices.csproj", "{BD15AC35-2AC0-47DD-B76D-BBD36D679236}"
EndProject
Project("{FAE04EC0-301F-11D3-BF4B-00C04F79EFBC}") = "PropertyPricesTests", "PropertyPricesTests\PropertyPricesTests.csproj", "{6F5B2B6E-0D48-4072-9C71-85634662555B}"
EndProject
Global
	GlobalSection(SolutionConfigurationPlatforms) = preSolution
		Debug|Any CPU = Debug|Any CPU
		Debug|x64 = Debug|x64
		Release|Any CPU = Release|Any CPU
		Release|x64 = Release|x64
	EndGlobalSection
	GlobalSection(ProjectConfigurationPlatforms) = postSolution
		{BD15AC35-2AC0-47DD-B76D-BBD36D679236}.Debug|Any CPU.ActiveCfg = Debug|Any CPU
		{BD15AC35-2AC0-47DD-B76D-BBD36D679236}.Debug|Any CPU.Build.0 = Debug|Any CPU
		{BD15AC35-2AC0-47DD-B76D-BBD36D679236}.Debug|x64.ActiveCfg = Debug|x64
		{BD15AC35-2AC0-47DD-B76D-BBD36D679236}.Debug|x64.Build.0 = Debug|x64
		{BD15AC35-2AC0-47DD-B76D-BBD36D679236}.Release|Any CPU.ActiveCfg = Release|Any CPU
		{BD15AC35-2AC0-47DD-B76D-BBD36D679236}.Release|Any CPU.Build.0 = Release|Any CPU
		{BD15AC35-2AC0-47DD-B76D-BBD36D679236}.Release|x64.ActiveCfg = Release|x64
		{BD15AC35-2AC0-47DD-B76D-BBD36D679236}.Release|x64.Build.0 = Release|x64
		{6F5B2B6E-0D48-4072-9C71-85634662555B}.Debug|Any CPU.ActiveCfg = Debug|Any CPU
		{6F5B2B6E-0D48-4072-9C71-85634662555B}.Debug|Any CPU.Build.0 = Debug|Any CPU
		{6F5B2B6E-0D48-4072-9C71-85634662555B}.Debug|x64.ActiveCfg = Debug|Any CPU
		{6F5B2B6E-0D48-4072-9C71-85634662555B}.Debug|x64.Build.0 = Debug|Any CPU
		{6F5B2B6E-0D48-4072-9C71-85634662555B}.Release|Any CPU.ActiveCfg = Release|Any CPU
		{6F5B2B6E-0D48-4072-9C71-85634662555B}.Release|Any CPU.Build.0 = Release|Any CPU
		{6F5B2B6E-0D48-4072-9C71-85634662555B}.Release|x64.ActiveCfg = Release|Any CPU
		{6F5B2B6E-0D48-4072-9C71-85634662555B}.Release|x64.Build.0 = Release|Any CPU
	EndGlobalSection
	GlobalSection(SolutionProperties) = preSolution
		HideSolutionNode = FALSE
	EndGlobalSection
	GlobalSection(ExtensibilityGlobals) = postSolution
		SolutionGuid = {9B945ACD-33E0-4916-AEF0-EC04110910EF}
	EndGlobalSection
EndGlobal
